
Microsoft Visual Studio Solution File, Format Version 12.00
# Visual Studio Version 17
VisualStudioVersion = 17.3.32929.385
MinimumVisualStudioVersion = 10.0.40219.1
Project("{FAE04EC0-301F-11D3-BF4B-00C04F79EFBC}") = "KullaniciGirisDiziler", "KullaniciGirisDiziler\KullaniciGirisDiziler.csproj", "{A90DDB9A-772D-4D4F-A1AD-D57598B3DE62}"
EndProject
Global
	GlobalSection(SolutionConfigurationPlatforms) = preSolution
		Debug|Any CPU = Debug|Any CPU
		Release|Any CPU = Release|Any CPU
	EndGlobalSection
	GlobalSection(ProjectConfigurationPlatforms) = postSolution
		{A90DDB9A-772D-4D4F-A1AD-D57598B3DE62}.Debug|Any CPU.ActiveCfg = Debug|Any CPU
		{A90DDB9A-772D-4D4F-A1AD-D57598B3DE62}.Debug|Any CPU.Build.0 = Debug|Any CPU
		{A90DDB9A-772D-4D4F-A1AD-D57598B3DE62}.Release|Any CPU.ActiveCfg = Release|Any CPU
		{A90DDB9A-772D-4D4F-A1AD-D57598B3DE62}.Release|Any CPU.Build.0 = Release|Any CPU
	EndGlobalSection
	GlobalSection(SolutionProperties) = preSolution
		HideSolutionNode = FALSE
	EndGlobalSection
	GlobalSection(ExtensibilityGlobals) = postSolution
		SolutionGuid = {54A241E4-5B2C-4291-853D-521681A7EBB5}
	EndGlobalSection
EndGlobal
